
Microsoft Visual Studio Solution File, Format Version 12.00
# Visual Studio Version 17
VisualStudioVersion = 17.14.36119.2 d17.14
MinimumVisualStudioVersion = 10.0.40219.1
Project("{FAE04EC0-301F-11D3-BF4B-00C04F79EFBC}") = "TalentHubBR.UI", "TalentHubBR\TalentHubBR.UI.csproj", "{A7B27EC6-BF9C-4DF8-89FE-A9A84FD1392B}"
EndProject
Project("{FAE04EC0-301F-11D3-BF4B-00C04F79EFBC}") = "TalentHub.BLL", "TalentHub.BLL\TalentHub.BLL.csproj", "{24FF640D-8C01-4012-891B-FCCC77A2D248}"
EndProject
Project("{FAE04EC0-301F-11D3-BF4B-00C04F79EFBC}") = "TalentHub.DAL", "TalentHub.DAL\TalentHub.DAL.csproj", "{F4F70759-4B0B-414F-A6CE-F9269B3E1BB5}"
EndProject
Project("{FAE04EC0-301F-11D3-BF4B-00C04F79EFBC}") = "TalentHub.Domain", "TalentHub.Domain\TalentHub.Domain.csproj", "{B9067653-9176-4E1A-8533-DC7CEBE05D0A}"
EndProject
Global
	GlobalSection(SolutionConfigurationPlatforms) = preSolution
		Debug|Any CPU = Debug|Any CPU
		Release|Any CPU = Release|Any CPU
	EndGlobalSection
	GlobalSection(ProjectConfigurationPlatforms) = postSolution
		{A7B27EC6-BF9C-4DF8-89FE-A9A84FD1392B}.Debug|Any CPU.ActiveCfg = Debug|Any CPU
		{A7B27EC6-BF9C-4DF8-89FE-A9A84FD1392B}.Debug|Any CPU.Build.0 = Debug|Any CPU
		{A7B27EC6-BF9C-4DF8-89FE-A9A84FD1392B}.Release|Any CPU.ActiveCfg = Release|Any CPU
		{A7B27EC6-BF9C-4DF8-89FE-A9A84FD1392B}.Release|Any CPU.Build.0 = Release|Any CPU
		{24FF640D-8C01-4012-891B-FCCC77A2D248}.Debug|Any CPU.ActiveCfg = Debug|Any CPU
		{24FF640D-8C01-4012-891B-FCCC77A2D248}.Debug|Any CPU.Build.0 = Debug|Any CPU
		{24FF640D-8C01-4012-891B-FCCC77A2D248}.Release|Any CPU.ActiveCfg = Release|Any CPU
		{24FF640D-8C01-4012-891B-FCCC77A2D248}.Release|Any CPU.Build.0 = Release|Any CPU
		{F4F70759-4B0B-414F-A6CE-F9269B3E1BB5}.Debug|Any CPU.ActiveCfg = Debug|Any CPU
		{F4F70759-4B0B-414F-A6CE-F9269B3E1BB5}.Debug|Any CPU.Build.0 = Debug|Any CPU
		{F4F70759-4B0B-414F-A6CE-F9269B3E1BB5}.Release|Any CPU.ActiveCfg = Release|Any CPU
		{F4F70759-4B0B-414F-A6CE-F9269B3E1BB5}.Release|Any CPU.Build.0 = Release|Any CPU
		{B9067653-9176-4E1A-8533-DC7CEBE05D0A}.Debug|Any CPU.ActiveCfg = Debug|Any CPU
		{B9067653-9176-4E1A-8533-DC7CEBE05D0A}.Debug|Any CPU.Build.0 = Debug|Any CPU
		{B9067653-9176-4E1A-8533-DC7CEBE05D0A}.Release|Any CPU.ActiveCfg = Release|Any CPU
		{B9067653-9176-4E1A-8533-DC7CEBE05D0A}.Release|Any CPU.Build.0 = Release|Any CPU
	EndGlobalSection
	GlobalSection(SolutionProperties) = preSolution
		HideSolutionNode = FALSE
	EndGlobalSection
	GlobalSection(ExtensibilityGlobals) = postSolution
		SolutionGuid = {B3C160B5-5B54-4073-9919-C2B594C0045D}
	EndGlobalSection
EndGlobal
